// !$*UTF8*$!
{
	archiveVersion = 1;
	classes = {
	};
	objectVersion = 51;
	objects = {

/* Begin PBXBuildFile section */
		899CE4EA23F57C62008C4D99 /* iPhone8.storyboard in Resources */ = {isa = PBXBuildFile; fileRef = 899CE4E923F57C62008C4D99 /* iPhone8.storyboard */; };
		89C49AB623ED835C00BABB0D /* Search.swift in Sources */ = {isa = PBXBuildFile; fileRef = 89C49AB523ED835C00BABB0D /* Search.swift */; };
		89C49AB823EEBC8700BABB0D /* SearchViewController.swift in Sources */ = {isa = PBXBuildFile; fileRef = 89C49AB723EEBC8700BABB0D /* SearchViewController.swift */; };
		89C49ABA23EEC15500BABB0D /* Layout.swift in Sources */ = {isa = PBXBuildFile; fileRef = 89C49AB923EEC15500BABB0D /* Layout.swift */; };
		BD2C2B81D855D59E16EA73A6 /* Pods_ToDoCalendar.framework in Frameworks */ = {isa = PBXBuildFile; fileRef = 05834EA865D4AD08FB2EA189 /* Pods_ToDoCalendar.framework */; };
		D22866032488DE2900CCA1C2 /* ShowImageViewController.swift in Sources */ = {isa = PBXBuildFile; fileRef = D22866022488DE2900CCA1C2 /* ShowImageViewController.swift */; };
		D22E41EE23FBD8420025869D /* CalculateCalendarLogic.framework in Frameworks */ = {isa = PBXBuildFile; fileRef = D2D7598823F653B300DA8437 /* CalculateCalendarLogic.framework */; };
		D22E41F023FBD8450025869D /* FSCalendar.framework in Frameworks */ = {isa = PBXBuildFile; fileRef = D2D7598A23F653B300DA8437 /* FSCalendar.framework */; };
		D22E41F223FBD8470025869D /* Realm.framework in Frameworks */ = {isa = PBXBuildFile; fileRef = D22E41EC23FBC60A0025869D /* Realm.framework */; };
		D22E41F423FBD8490025869D /* RealmSwift.framework in Frameworks */ = {isa = PBXBuildFile; fileRef = D2D7598E23F653B300DA8437 /* RealmSwift.framework */; };
		D22E41F723FBD8770025869D /* (null) in Embed Frameworks */ = {isa = PBXBuildFile; settings = {ATTRIBUTES = (CodeSignOnCopy, RemoveHeadersOnCopy, ); }; };
		D251894323E9492E00DD8125 /* ToDoDetailViewController.swift in Sources */ = {isa = PBXBuildFile; fileRef = D251894223E9492D00DD8125 /* ToDoDetailViewController.swift */; };
		D25BA6C8241B1BC300DEC361 /* iPhone11.storyboard in Resources */ = {isa = PBXBuildFile; fileRef = D25BA6C7241B1BC300DEC361 /* iPhone11.storyboard */; };
		D261404923D690C10036161E /* AppDelegate.swift in Sources */ = {isa = PBXBuildFile; fileRef = D261404823D690C10036161E /* AppDelegate.swift */; };
		D261404B23D690C10036161E /* SceneDelegate.swift in Sources */ = {isa = PBXBuildFile; fileRef = D261404A23D690C10036161E /* SceneDelegate.swift */; };
		D261404D23D690C10036161E /* ViewController.swift in Sources */ = {isa = PBXBuildFile; fileRef = D261404C23D690C10036161E /* ViewController.swift */; };
		D261405223D690C70036161E /* Assets.xcassets in Resources */ = {isa = PBXBuildFile; fileRef = D261405123D690C70036161E /* Assets.xcassets */; };
		D261405523D690C70036161E /* LaunchScreen.storyboard in Resources */ = {isa = PBXBuildFile; fileRef = D261405323D690C70036161E /* LaunchScreen.storyboard */; };
		D27BCBE32497173D005E91B4 /* iPhone6sPlus.storyboard in Resources */ = {isa = PBXBuildFile; fileRef = D27BCBE22497173C005E91B4 /* iPhone6sPlus.storyboard */; };
		D27DC459246E540F00176201 /* GoogleService-Info.plist in Resources */ = {isa = PBXBuildFile; fileRef = D27DC458246E540F00176201 /* GoogleService-Info.plist */; };
		D27DC45B246E54C900176201 /* Constants.swift in Sources */ = {isa = PBXBuildFile; fileRef = D27DC45A246E54C900176201 /* Constants.swift */; };
		D27DC45D246E744100176201 /* User.swift in Sources */ = {isa = PBXBuildFile; fileRef = D27DC45C246E744100176201 /* User.swift */; };
		D27DC4912473D9A600176201 /* FToDo.swift in Sources */ = {isa = PBXBuildFile; fileRef = D27DC4902473D9A500176201 /* FToDo.swift */; };
		D28DE19A248741DE006C9B49 /* Category.swift in Sources */ = {isa = PBXBuildFile; fileRef = D28DE199248741DE006C9B49 /* Category.swift */; };
		D28DE19C24876110006C9B49 /* TableViewCell.swift in Sources */ = {isa = PBXBuildFile; fileRef = D28DE19B24876110006C9B49 /* TableViewCell.swift */; };
		D28DE1A124876A75006C9B49 /* InputTextCell.swift in Sources */ = {isa = PBXBuildFile; fileRef = D28DE19F24876A75006C9B49 /* InputTextCell.swift */; };
		D28DE1A224876A75006C9B49 /* TableViewCell.xib in Resources */ = {isa = PBXBuildFile; fileRef = D28DE1A024876A75006C9B49 /* TableViewCell.xib */; };
		D29ABF0123DFF23A008A522A /* Main.storyboard in Resources */ = {isa = PBXBuildFile; fileRef = D29ABF0023DFF23A008A522A /* Main.storyboard */; };
		D29ABF0323E00A43008A522A /* ToDo.swift in Sources */ = {isa = PBXBuildFile; fileRef = D29ABF0223E00A43008A522A /* ToDo.swift */; };
		D29ABF0723E13028008A522A /* AddToDoViewController.swift in Sources */ = {isa = PBXBuildFile; fileRef = D29ABF0623E13028008A522A /* AddToDoViewController.swift */; };
		D29ABF0923E18B5E008A522A /* DateUtils.swift in Sources */ = {isa = PBXBuildFile; fileRef = D29ABF0823E18B5E008A522A /* DateUtils.swift */; };
		D2AC2018247E4D3200E7DE92 /* LoginViewController.swift in Sources */ = {isa = PBXBuildFile; fileRef = D2AC2017247E4D3100E7DE92 /* LoginViewController.swift */; };
		D2AC201A247FBF4D00E7DE92 /* MainNavigationController.swift in Sources */ = {isa = PBXBuildFile; fileRef = D2AC2019247FBF4C00E7DE92 /* MainNavigationController.swift */; };
		D2AC201C247FD47C00E7DE92 /* test.swift in Sources */ = {isa = PBXBuildFile; fileRef = D2AC201B247FD47C00E7DE92 /* test.swift */; };
		D2AC201E247FF94400E7DE92 /* RootViewController.swift in Sources */ = {isa = PBXBuildFile; fileRef = D2AC201D247FF94400E7DE92 /* RootViewController.swift */; };
		D2AC20202480A1C800E7DE92 /* SettingViewController.swift in Sources */ = {isa = PBXBuildFile; fileRef = D2AC201F2480A1C800E7DE92 /* SettingViewController.swift */; };
		D2AC20222480F7F500E7DE92 /* Extension.swift in Sources */ = {isa = PBXBuildFile; fileRef = D2AC20212480F7F400E7DE92 /* Extension.swift */; };
		D2D7595F23EBEC8100DA8437 /* ToDoListViewController.swift in Sources */ = {isa = PBXBuildFile; fileRef = D2D7595E23EBEC8100DA8437 /* ToDoListViewController.swift */; };
		D2FEFF302490D9CE005DFE7F /* Animator.swift in Sources */ = {isa = PBXBuildFile; fileRef = D2FEFF2F2490D9CE005DFE7F /* Animator.swift */; };
/* End PBXBuildFile section */

/* Begin PBXCopyFilesBuildPhase section */
		D2D7597523F5232600DA8437 /* Embed Frameworks */ = {
			isa = PBXCopyFilesBuildPhase;
			buildActionMask = 2147483647;
			dstPath = "";
			dstSubfolderSpec = 10;
			files = (
				D22E41F723FBD8770025869D /* (null) in Embed Frameworks */,
			);
			name = "Embed Frameworks";
			runOnlyForDeploymentPostprocessing = 0;
		};
/* End PBXCopyFilesBuildPhase section */

/* Begin PBXFileReference section */
		05834EA865D4AD08FB2EA189 /* Pods_ToDoCalendar.framework */ = {isa = PBXFileReference; explicitFileType = wrapper.framework; includeInIndex = 0; path = Pods_ToDoCalendar.framework; sourceTree = BUILT_PRODUCTS_DIR; };
		3C4BD0485BB93626DA8ECDA1 /* Pods-ToDoCalendar.release.xcconfig */ = {isa = PBXFileReference; includeInIndex = 1; lastKnownFileType = text.xcconfig; name = "Pods-ToDoCalendar.release.xcconfig"; path = "Target Support Files/Pods-ToDoCalendar/Pods-ToDoCalendar.release.xcconfig"; sourceTree = "<group>"; };
		855FCAFF46FDAF176BDD333F /* Pods-ToDoCalendar.debug.xcconfig */ = {isa = PBXFileReference; includeInIndex = 1; lastKnownFileType = text.xcconfig; name = "Pods-ToDoCalendar.debug.xcconfig"; path = "Target Support Files/Pods-ToDoCalendar/Pods-ToDoCalendar.debug.xcconfig"; sourceTree = "<group>"; };
		899CE4E923F57C62008C4D99 /* iPhone8.storyboard */ = {isa = PBXFileReference; lastKnownFileType = file.storyboard; path = iPhone8.storyboard; sourceTree = "<group>"; };
		89C49AB523ED835C00BABB0D /* Search.swift */ = {isa = PBXFileReference; lastKnownFileType = sourcecode.swift; path = Search.swift; sourceTree = "<group>"; };
		89C49AB723EEBC8700BABB0D /* SearchViewController.swift */ = {isa = PBXFileReference; lastKnownFileType = sourcecode.swift; path = SearchViewController.swift; sourceTree = "<group>"; };
		89C49AB923EEC15500BABB0D /* Layout.swift */ = {isa = PBXFileReference; lastKnownFileType = sourcecode.swift; path = Layout.swift; sourceTree = "<group>"; };
		D22866022488DE2900CCA1C2 /* ShowImageViewController.swift */ = {isa = PBXFileReference; lastKnownFileType = sourcecode.swift; path = ShowImageViewController.swift; sourceTree = "<group>"; };
		D22E41EC23FBC60A0025869D /* Realm.framework */ = {isa = PBXFileReference; explicitFileType = wrapper.framework; path = Realm.framework; sourceTree = BUILT_PRODUCTS_DIR; };
		D251894223E9492D00DD8125 /* ToDoDetailViewController.swift */ = {isa = PBXFileReference; lastKnownFileType = sourcecode.swift; path = ToDoDetailViewController.swift; sourceTree = "<group>"; };
		D25BA6C7241B1BC300DEC361 /* iPhone11.storyboard */ = {isa = PBXFileReference; fileEncoding = 4; lastKnownFileType = file.storyboard; path = iPhone11.storyboard; sourceTree = "<group>"; };
		D261404523D690C10036161E /* ToDoCalendar.app */ = {isa = PBXFileReference; explicitFileType = wrapper.application; includeInIndex = 0; path = ToDoCalendar.app; sourceTree = BUILT_PRODUCTS_DIR; };
		D261404823D690C10036161E /* AppDelegate.swift */ = {isa = PBXFileReference; lastKnownFileType = sourcecode.swift; path = AppDelegate.swift; sourceTree = "<group>"; };
		D261404A23D690C10036161E /* SceneDelegate.swift */ = {isa = PBXFileReference; lastKnownFileType = sourcecode.swift; path = SceneDelegate.swift; sourceTree = "<group>"; };
		D261404C23D690C10036161E /* ViewController.swift */ = {isa = PBXFileReference; lastKnownFileType = sourcecode.swift; name = ViewController.swift; path = ../ViewController.swift; sourceTree = "<group>"; };
		D261405123D690C70036161E /* Assets.xcassets */ = {isa = PBXFileReference; lastKnownFileType = folder.assetcatalog; path = Assets.xcassets; sourceTree = "<group>"; };
		D261405423D690C70036161E /* Base */ = {isa = PBXFileReference; lastKnownFileType = file.storyboard; name = Base; path = Base.lproj/LaunchScreen.storyboard; sourceTree = "<group>"; };
		D261405623D690C70036161E /* Info.plist */ = {isa = PBXFileReference; lastKnownFileType = text.plist.xml; path = Info.plist; sourceTree = "<group>"; };
		D27BCBE22497173C005E91B4 /* iPhone6sPlus.storyboard */ = {isa = PBXFileReference; lastKnownFileType = file.storyboard; path = iPhone6sPlus.storyboard; sourceTree = "<group>"; };
		D27DC453246D387C00176201 /* SettingView.swift */ = {isa = PBXFileReference; lastKnownFileType = sourcecode.swift; path = SettingView.swift; sourceTree = "<group>"; };
		D27DC455246D3B0700176201 /* SettingView.xib */ = {isa = PBXFileReference; lastKnownFileType = file.xib; path = SettingView.xib; sourceTree = "<group>"; };
		D27DC458246E540F00176201 /* GoogleService-Info.plist */ = {isa = PBXFileReference; fileEncoding = 4; lastKnownFileType = text.plist.xml; path = "GoogleService-Info.plist"; sourceTree = "<group>"; };
		D27DC45A246E54C900176201 /* Constants.swift */ = {isa = PBXFileReference; lastKnownFileType = sourcecode.swift; path = Constants.swift; sourceTree = "<group>"; };
		D27DC45C246E744100176201 /* User.swift */ = {isa = PBXFileReference; lastKnownFileType = sourcecode.swift; path = User.swift; sourceTree = "<group>"; };
		D27DC4902473D9A500176201 /* FToDo.swift */ = {isa = PBXFileReference; lastKnownFileType = sourcecode.swift; path = FToDo.swift; sourceTree = "<group>"; };
		D28DE199248741DE006C9B49 /* Category.swift */ = {isa = PBXFileReference; lastKnownFileType = sourcecode.swift; path = Category.swift; sourceTree = "<group>"; };
		D28DE19B24876110006C9B49 /* TableViewCell.swift */ = {isa = PBXFileReference; lastKnownFileType = sourcecode.swift; path = TableViewCell.swift; sourceTree = "<group>"; };
		D28DE19F24876A75006C9B49 /* InputTextCell.swift */ = {isa = PBXFileReference; lastKnownFileType = sourcecode.swift; path = InputTextCell.swift; sourceTree = "<group>"; };
		D28DE1A024876A75006C9B49 /* TableViewCell.xib */ = {isa = PBXFileReference; lastKnownFileType = file.xib; path = TableViewCell.xib; sourceTree = "<group>"; };
		D29ABF0023DFF23A008A522A /* Main.storyboard */ = {isa = PBXFileReference; lastKnownFileType = file.storyboard; path = Main.storyboard; sourceTree = "<group>"; };
		D29ABF0223E00A43008A522A /* ToDo.swift */ = {isa = PBXFileReference; lastKnownFileType = sourcecode.swift; path = ToDo.swift; sourceTree = "<group>"; };
		D29ABF0623E13028008A522A /* AddToDoViewController.swift */ = {isa = PBXFileReference; lastKnownFileType = sourcecode.swift; path = AddToDoViewController.swift; sourceTree = "<group>"; };
		D29ABF0823E18B5E008A522A /* DateUtils.swift */ = {isa = PBXFileReference; lastKnownFileType = sourcecode.swift; path = DateUtils.swift; sourceTree = "<group>"; };
		D2AC2017247E4D3100E7DE92 /* LoginViewController.swift */ = {isa = PBXFileReference; lastKnownFileType = sourcecode.swift; path = LoginViewController.swift; sourceTree = "<group>"; };
		D2AC2019247FBF4C00E7DE92 /* MainNavigationController.swift */ = {isa = PBXFileReference; lastKnownFileType = sourcecode.swift; path = MainNavigationController.swift; sourceTree = "<group>"; };
		D2AC201B247FD47C00E7DE92 /* test.swift */ = {isa = PBXFileReference; lastKnownFileType = sourcecode.swift; path = test.swift; sourceTree = "<group>"; };
		D2AC201D247FF94400E7DE92 /* RootViewController.swift */ = {isa = PBXFileReference; lastKnownFileType = sourcecode.swift; path = RootViewController.swift; sourceTree = "<group>"; };
		D2AC201F2480A1C800E7DE92 /* SettingViewController.swift */ = {isa = PBXFileReference; lastKnownFileType = sourcecode.swift; path = SettingViewController.swift; sourceTree = "<group>"; };
		D2AC20212480F7F400E7DE92 /* Extension.swift */ = {isa = PBXFileReference; lastKnownFileType = sourcecode.swift; path = Extension.swift; sourceTree = "<group>"; };
		D2D7595E23EBEC8100DA8437 /* ToDoListViewController.swift */ = {isa = PBXFileReference; lastKnownFileType = sourcecode.swift; path = ToDoListViewController.swift; sourceTree = "<group>"; };
		D2D7596423F4FD3C00DA8437 /* CalculateCalendarLogic.framework */ = {isa = PBXFileReference; explicitFileType = wrapper.framework; path = CalculateCalendarLogic.framework; sourceTree = BUILT_PRODUCTS_DIR; };
		D2D7596823F4FDA500DA8437 /* RealmSwift.framework */ = {isa = PBXFileReference; explicitFileType = wrapper.framework; path = RealmSwift.framework; sourceTree = BUILT_PRODUCTS_DIR; };
		D2D7596C23F4FDAA00DA8437 /* FSCalendar.framework */ = {isa = PBXFileReference; explicitFileType = wrapper.framework; path = FSCalendar.framework; sourceTree = BUILT_PRODUCTS_DIR; };
		D2D7598223F640D400DA8437 /* CalculateCalendarLogic.framework */ = {isa = PBXFileReference; explicitFileType = wrapper.framework; path = CalculateCalendarLogic.framework; sourceTree = BUILT_PRODUCTS_DIR; };
		D2D7598523F640DC00DA8437 /* CalculateCalendarLogic.framework */ = {isa = PBXFileReference; explicitFileType = wrapper.framework; path = CalculateCalendarLogic.framework; sourceTree = BUILT_PRODUCTS_DIR; };
		D2D7598823F653B300DA8437 /* CalculateCalendarLogic.framework */ = {isa = PBXFileReference; explicitFileType = wrapper.framework; path = CalculateCalendarLogic.framework; sourceTree = BUILT_PRODUCTS_DIR; };
		D2D7598A23F653B300DA8437 /* FSCalendar.framework */ = {isa = PBXFileReference; explicitFileType = wrapper.framework; path = FSCalendar.framework; sourceTree = BUILT_PRODUCTS_DIR; };
		D2D7598C23F653B300DA8437 /* Realm.framework */ = {isa = PBXFileReference; explicitFileType = wrapper.framework; path = Realm.framework; sourceTree = BUILT_PRODUCTS_DIR; };
		D2D7598E23F653B300DA8437 /* RealmSwift.framework */ = {isa = PBXFileReference; explicitFileType = wrapper.framework; path = RealmSwift.framework; sourceTree = BUILT_PRODUCTS_DIR; };
		D2FEFF2F2490D9CE005DFE7F /* Animator.swift */ = {isa = PBXFileReference; lastKnownFileType = sourcecode.swift; path = Animator.swift; sourceTree = "<group>"; };
/* End PBXFileReference section */

/* Begin PBXFrameworksBuildPhase section */
		D261404223D690C10036161E /* Frameworks */ = {
			isa = PBXFrameworksBuildPhase;
			buildActionMask = 2147483647;
			files = (
				D22E41EE23FBD8420025869D /* CalculateCalendarLogic.framework in Frameworks */,
				D22E41F423FBD8490025869D /* RealmSwift.framework in Frameworks */,
				D22E41F023FBD8450025869D /* FSCalendar.framework in Frameworks */,
				D22E41F223FBD8470025869D /* Realm.framework in Frameworks */,
				BD2C2B81D855D59E16EA73A6 /* Pods_ToDoCalendar.framework in Frameworks */,
			);
			runOnlyForDeploymentPostprocessing = 0;
		};
/* End PBXFrameworksBuildPhase section */

/* Begin PBXGroup section */
		9F8135600E3176B4A7219B7F /* Pods */ = {
			isa = PBXGroup;
			children = (
				855FCAFF46FDAF176BDD333F /* Pods-ToDoCalendar.debug.xcconfig */,
				3C4BD0485BB93626DA8ECDA1 /* Pods-ToDoCalendar.release.xcconfig */,
			);
			path = Pods;
			sourceTree = "<group>";
		};
		D261403C23D690C10036161E = {
			isa = PBXGroup;
			children = (
				D261404723D690C10036161E /* ToDoCalendar */,
				D27DC458246E540F00176201 /* GoogleService-Info.plist */,
				D261404623D690C10036161E /* Products */,
				9F8135600E3176B4A7219B7F /* Pods */,
				FF1D8C23CCE0EA6BAB06E7A5 /* Frameworks */,
			);
			sourceTree = "<group>";
		};
		D261404623D690C10036161E /* Products */ = {
			isa = PBXGroup;
			children = (
				D261404523D690C10036161E /* ToDoCalendar.app */,
			);
			name = Products;
			sourceTree = "<group>";
		};
		D261404723D690C10036161E /* ToDoCalendar */ = {
			isa = PBXGroup;
			children = (
				D27DC457246E50C700176201 /* Utils */,
				D29ABEFF23DFF16B008A522A /* Controller */,
				D29ABEFE23DFF158008A522A /* View */,
				D29ABEFD23DFF14E008A522A /* Model */,
				D261405323D690C70036161E /* LaunchScreen.storyboard */,
				D261405623D690C70036161E /* Info.plist */,
				D2AC201B247FD47C00E7DE92 /* test.swift */,
			);
			path = ToDoCalendar;
			sourceTree = "<group>";
		};
		D27DC457246E50C700176201 /* Utils */ = {
			isa = PBXGroup;
			children = (
				D27DC45A246E54C900176201 /* Constants.swift */,
				D2AC20212480F7F400E7DE92 /* Extension.swift */,
				D2FEFF2F2490D9CE005DFE7F /* Animator.swift */,
			);
			path = Utils;
			sourceTree = "<group>";
		};
		D29ABEFD23DFF14E008A522A /* Model */ = {
			isa = PBXGroup;
			children = (
				D29ABF0223E00A43008A522A /* ToDo.swift */,
				D27DC4902473D9A500176201 /* FToDo.swift */,
				D29ABF0823E18B5E008A522A /* DateUtils.swift */,
				89C49AB923EEC15500BABB0D /* Layout.swift */,
				D27DC45C246E744100176201 /* User.swift */,
				89C49AB523ED835C00BABB0D /* Search.swift */,
				D28DE199248741DE006C9B49 /* Category.swift */,
			);
			path = Model;
			sourceTree = "<group>";
		};
		D29ABEFE23DFF158008A522A /* View */ = {
			isa = PBXGroup;
			children = (
				D261405123D690C70036161E /* Assets.xcassets */,
				D25BA6C7241B1BC300DEC361 /* iPhone11.storyboard */,
				899CE4E923F57C62008C4D99 /* iPhone8.storyboard */,
				D29ABF0023DFF23A008A522A /* Main.storyboard */,
				D27BCBE22497173C005E91B4 /* iPhone6sPlus.storyboard */,
				D27DC453246D387C00176201 /* SettingView.swift */,
				D27DC455246D3B0700176201 /* SettingView.xib */,
				D28DE19B24876110006C9B49 /* TableViewCell.swift */,
				D28DE1A024876A75006C9B49 /* TableViewCell.xib */,
				D28DE19F24876A75006C9B49 /* InputTextCell.swift */,
			);
			path = View;
			sourceTree = "<group>";
		};
		D29ABEFF23DFF16B008A522A /* Controller */ = {
			isa = PBXGroup;
			children = (
				D261404823D690C10036161E /* AppDelegate.swift */,
				D261404A23D690C10036161E /* SceneDelegate.swift */,
				D2AC2019247FBF4C00E7DE92 /* MainNavigationController.swift */,
				D2AC201D247FF94400E7DE92 /* RootViewController.swift */,
				D2AC2017247E4D3100E7DE92 /* LoginViewController.swift */,
				D261404C23D690C10036161E /* ViewController.swift */,
				D2AC201F2480A1C800E7DE92 /* SettingViewController.swift */,
				D2D7595E23EBEC8100DA8437 /* ToDoListViewController.swift */,
				D29ABF0623E13028008A522A /* AddToDoViewController.swift */,
				D251894223E9492D00DD8125 /* ToDoDetailViewController.swift */,
				89C49AB723EEBC8700BABB0D /* SearchViewController.swift */,
				D22866022488DE2900CCA1C2 /* ShowImageViewController.swift */,
			);
			path = Controller;
			sourceTree = "<group>";
		};
		FF1D8C23CCE0EA6BAB06E7A5 /* Frameworks */ = {
			isa = PBXGroup;
			children = (
				D22E41EC23FBC60A0025869D /* Realm.framework */,
				D2D7598823F653B300DA8437 /* CalculateCalendarLogic.framework */,
				D2D7598A23F653B300DA8437 /* FSCalendar.framework */,
				D2D7598C23F653B300DA8437 /* Realm.framework */,
				D2D7598E23F653B300DA8437 /* RealmSwift.framework */,
				D2D7598523F640DC00DA8437 /* CalculateCalendarLogic.framework */,
				D2D7598223F640D400DA8437 /* CalculateCalendarLogic.framework */,
				D2D7596C23F4FDAA00DA8437 /* FSCalendar.framework */,
				D2D7596823F4FDA500DA8437 /* RealmSwift.framework */,
				D2D7596423F4FD3C00DA8437 /* CalculateCalendarLogic.framework */,
				05834EA865D4AD08FB2EA189 /* Pods_ToDoCalendar.framework */,
			);
			name = Frameworks;
			sourceTree = "<group>";
		};
/* End PBXGroup section */

/* Begin PBXNativeTarget section */
		D261404423D690C10036161E /* ToDoCalendar */ = {
			isa = PBXNativeTarget;
			buildConfigurationList = D261405923D690C70036161E /* Build configuration list for PBXNativeTarget "ToDoCalendar" */;
			buildPhases = (
				E4DE9AC575EA332D32917E02 /* [CP] Check Pods Manifest.lock */,
				D261404123D690C10036161E /* Sources */,
				D261404223D690C10036161E /* Frameworks */,
				D261404323D690C10036161E /* Resources */,
				D2D7597523F5232600DA8437 /* Embed Frameworks */,
				46B641A8017E7690F963EE5E /* [CP] Embed Pods Frameworks */,
				D2941514241B3EEF0022FBD6 /* Run Script */,
			);
			buildRules = (
			);
			dependencies = (
			);
			name = ToDoCalendar;
			productName = ToDoCalendar;
			productReference = D261404523D690C10036161E /* ToDoCalendar.app */;
			productType = "com.apple.product-type.application";
		};
/* End PBXNativeTarget section */

/* Begin PBXProject section */
		D261403D23D690C10036161E /* Project object */ = {
			isa = PBXProject;
			attributes = {
				LastSwiftUpdateCheck = 1130;
				LastUpgradeCheck = 1130;
				ORGANIZATIONNAME = "Ishii Hideyasu";
				TargetAttributes = {
					D261404423D690C10036161E = {
						CreatedOnToolsVersion = 11.3;
					};
				};
			};
			buildConfigurationList = D261404023D690C10036161E /* Build configuration list for PBXProject "ToDoCalendar" */;
			compatibilityVersion = "Xcode 9.3";
			developmentRegion = en;
			hasScannedForEncodings = 0;
			knownRegions = (
				en,
				Base,
			);
			mainGroup = D261403C23D690C10036161E;
			productRefGroup = D261404623D690C10036161E /* Products */;
			projectDirPath = "";
			projectRoot = "";
			targets = (
				D261404423D690C10036161E /* ToDoCalendar */,
			);
		};
/* End PBXProject section */

/* Begin PBXResourcesBuildPhase section */
		D261404323D690C10036161E /* Resources */ = {
			isa = PBXResourcesBuildPhase;
			buildActionMask = 2147483647;
			files = (
				899CE4EA23F57C62008C4D99 /* iPhone8.storyboard in Resources */,
				D25BA6C8241B1BC300DEC361 /* iPhone11.storyboard in Resources */,
				D29ABF0123DFF23A008A522A /* Main.storyboard in Resources */,
				D261405523D690C70036161E /* LaunchScreen.storyboard in Resources */,
				D261405223D690C70036161E /* Assets.xcassets in Resources */,
				D27DC459246E540F00176201 /* GoogleService-Info.plist in Resources */,
				D27BCBE32497173D005E91B4 /* iPhone6sPlus.storyboard in Resources */,
				D28DE1A224876A75006C9B49 /* TableViewCell.xib in Resources */,
			);
			runOnlyForDeploymentPostprocessing = 0;
		};
/* End PBXResourcesBuildPhase section */

/* Begin PBXShellScriptBuildPhase section */
		46B641A8017E7690F963EE5E /* [CP] Embed Pods Frameworks */ = {
			isa = PBXShellScriptBuildPhase;
			buildActionMask = 2147483647;
			files = (
			);
			inputFileListPaths = (
				"${PODS_ROOT}/Target Support Files/Pods-ToDoCalendar/Pods-ToDoCalendar-frameworks-${CONFIGURATION}-input-files.xcfilelist",
			);
			name = "[CP] Embed Pods Frameworks";
			outputFileListPaths = (
				"${PODS_ROOT}/Target Support Files/Pods-ToDoCalendar/Pods-ToDoCalendar-frameworks-${CONFIGURATION}-output-files.xcfilelist",
			);
			runOnlyForDeploymentPostprocessing = 0;
			shellPath = /bin/sh;
			shellScript = "\"${PODS_ROOT}/Target Support Files/Pods-ToDoCalendar/Pods-ToDoCalendar-frameworks.sh\"\n";
			showEnvVarsInLog = 0;
		};
		D2941514241B3EEF0022FBD6 /* Run Script */ = {
			isa = PBXShellScriptBuildPhase;
			buildActionMask = 2147483647;
			files = (
			);
			inputFileListPaths = (
			);
			inputPaths = (
			);
			name = "Run Script";
			outputFileListPaths = (
			);
			outputPaths = (
			);
			runOnlyForDeploymentPostprocessing = 0;
			shellPath = /bin/sh;
			shellScript = "# Type a script or drag a script file from your workspace to insert its path.\nAPP_PATH=\"${TARGET_BUILD_DIR}/${WRAPPER_NAME}\"\n";
		};
		E4DE9AC575EA332D32917E02 /* [CP] Check Pods Manifest.lock */ = {
			isa = PBXShellScriptBuildPhase;
			buildActionMask = 2147483647;
			files = (
			);
			inputFileListPaths = (
			);
			inputPaths = (
				"${PODS_PODFILE_DIR_PATH}/Podfile.lock",
				"${PODS_ROOT}/Manifest.lock",
			);
			name = "[CP] Check Pods Manifest.lock";
			outputFileListPaths = (
			);
			outputPaths = (
				"$(DERIVED_FILE_DIR)/Pods-ToDoCalendar-checkManifestLockResult.txt",
			);
			runOnlyForDeploymentPostprocessing = 0;
			shellPath = /bin/sh;
			shellScript = "diff \"${PODS_PODFILE_DIR_PATH}/Podfile.lock\" \"${PODS_ROOT}/Manifest.lock\" > /dev/null\nif [ $? != 0 ] ; then\n    # print error to STDERR\n    echo \"error: The sandbox is not in sync with the Podfile.lock. Run 'pod install' or update your CocoaPods installation.\" >&2\n    exit 1\nfi\n# This output is used by Xcode 'outputs' to avoid re-running this script phase.\necho \"SUCCESS\" > \"${SCRIPT_OUTPUT_FILE_0}\"\n";
			showEnvVarsInLog = 0;
		};
/* End PBXShellScriptBuildPhase section */

/* Begin PBXSourcesBuildPhase section */
		D261404123D690C10036161E /* Sources */ = {
			isa = PBXSourcesBuildPhase;
			buildActionMask = 2147483647;
			files = (
				89C49AB823EEBC8700BABB0D /* SearchViewController.swift in Sources */,
				89C49AB623ED835C00BABB0D /* Search.swift in Sources */,
				D2AC201E247FF94400E7DE92 /* RootViewController.swift in Sources */,
				D28DE1A124876A75006C9B49 /* InputTextCell.swift in Sources */,
				D2D7595F23EBEC8100DA8437 /* ToDoListViewController.swift in Sources */,
				D2FEFF302490D9CE005DFE7F /* Animator.swift in Sources */,
				D261404D23D690C10036161E /* ViewController.swift in Sources */,
				D27DC4912473D9A600176201 /* FToDo.swift in Sources */,
				D29ABF0923E18B5E008A522A /* DateUtils.swift in Sources */,
				D261404923D690C10036161E /* AppDelegate.swift in Sources */,
				D27DC45D246E744100176201 /* User.swift in Sources */,
				D2AC20222480F7F500E7DE92 /* Extension.swift in Sources */,
				D2AC201A247FBF4D00E7DE92 /* MainNavigationController.swift in Sources */,
				D29ABF0723E13028008A522A /* AddToDoViewController.swift in Sources */,
				D27DC45B246E54C900176201 /* Constants.swift in Sources */,
				89C49ABA23EEC15500BABB0D /* Layout.swift in Sources */,
				D251894323E9492E00DD8125 /* ToDoDetailViewController.swift in Sources */,
				D2AC201C247FD47C00E7DE92 /* test.swift in Sources */,
				D2AC20202480A1C800E7DE92 /* SettingViewController.swift in Sources */,
				D2AC2018247E4D3200E7DE92 /* LoginViewController.swift in Sources */,
				D22866032488DE2900CCA1C2 /* ShowImageViewController.swift in Sources */,
				D261404B23D690C10036161E /* SceneDelegate.swift in Sources */,
				D29ABF0323E00A43008A522A /* ToDo.swift in Sources */,
				D28DE19A248741DE006C9B49 /* Category.swift in Sources */,
				D28DE19C24876110006C9B49 /* TableViewCell.swift in Sources */,
			);
			runOnlyForDeploymentPostprocessing = 0;
		};
/* End PBXSourcesBuildPhase section */

/* Begin PBXVariantGroup section */
		D261405323D690C70036161E /* LaunchScreen.storyboard */ = {
			isa = PBXVariantGroup;
			children = (
				D261405423D690C70036161E /* Base */,
			);
			name = LaunchScreen.storyboard;
			sourceTree = "<group>";
		};
/* End PBXVariantGroup section */

/* Begin XCBuildConfiguration section */
		D261405723D690C70036161E /* Debug */ = {
			isa = XCBuildConfiguration;
			buildSettings = {
				ALWAYS_SEARCH_USER_PATHS = NO;
				CLANG_ANALYZER_NONNULL = YES;
				CLANG_ANALYZER_NUMBER_OBJECT_CONVERSION = YES_AGGRESSIVE;
				CLANG_CXX_LANGUAGE_STANDARD = "gnu++14";
				CLANG_CXX_LIBRARY = "libc++";
				CLANG_ENABLE_MODULES = YES;
				CLANG_ENABLE_OBJC_ARC = YES;
				CLANG_ENABLE_OBJC_WEAK = YES;
				CLANG_WARN_BLOCK_CAPTURE_AUTORELEASING = YES;
				CLANG_WARN_BOOL_CONVERSION = YES;
				CLANG_WARN_COMMA = YES;
				CLANG_WARN_CONSTANT_CONVERSION = YES;
				CLANG_WARN_DEPRECATED_OBJC_IMPLEMENTATIONS = YES;
				CLANG_WARN_DIRECT_OBJC_ISA_USAGE = YES_ERROR;
				CLANG_WARN_DOCUMENTATION_COMMENTS = YES;
				CLANG_WARN_EMPTY_BODY = YES;
				CLANG_WARN_ENUM_CONVERSION = YES;
				CLANG_WARN_INFINITE_RECURSION = YES;
				CLANG_WARN_INT_CONVERSION = YES;
				CLANG_WARN_NON_LITERAL_NULL_CONVERSION = YES;
				CLANG_WARN_OBJC_IMPLICIT_RETAIN_SELF = YES;
				CLANG_WARN_OBJC_LITERAL_CONVERSION = YES;
				CLANG_WARN_OBJC_ROOT_CLASS = YES_ERROR;
				CLANG_WARN_RANGE_LOOP_ANALYSIS = YES;
				CLANG_WARN_STRICT_PROTOTYPES = YES;
				CLANG_WARN_SUSPICIOUS_MOVE = YES;
				CLANG_WARN_UNGUARDED_AVAILABILITY = YES_AGGRESSIVE;
				CLANG_WARN_UNREACHABLE_CODE = YES;
				CLANG_WARN__DUPLICATE_METHOD_MATCH = YES;
				COPY_PHASE_STRIP = NO;
				DEBUG_INFORMATION_FORMAT = dwarf;
				ENABLE_STRICT_OBJC_MSGSEND = YES;
				ENABLE_TESTABILITY = YES;
				GCC_C_LANGUAGE_STANDARD = gnu11;
				GCC_DYNAMIC_NO_PIC = NO;
				GCC_NO_COMMON_BLOCKS = YES;
				GCC_OPTIMIZATION_LEVEL = 0;
				GCC_PREPROCESSOR_DEFINITIONS = (
					"DEBUG=1",
					"$(inherited)",
				);
				GCC_WARN_64_TO_32_BIT_CONVERSION = YES;
				GCC_WARN_ABOUT_RETURN_TYPE = YES_ERROR;
				GCC_WARN_UNDECLARED_SELECTOR = YES;
				GCC_WARN_UNINITIALIZED_AUTOS = YES_AGGRESSIVE;
				GCC_WARN_UNUSED_FUNCTION = YES;
				GCC_WARN_UNUSED_VARIABLE = YES;
				IPHONEOS_DEPLOYMENT_TARGET = 13.2;
				MTL_ENABLE_DEBUG_INFO = INCLUDE_SOURCE;
				MTL_FAST_MATH = YES;
				ONLY_ACTIVE_ARCH = YES;
				SDKROOT = iphoneos;
				SWIFT_ACTIVE_COMPILATION_CONDITIONS = DEBUG;
				SWIFT_OPTIMIZATION_LEVEL = "-Onone";
			};
			name = Debug;
		};
		D261405823D690C70036161E /* Release */ = {
			isa = XCBuildConfiguration;
			buildSettings = {
				ALWAYS_SEARCH_USER_PATHS = NO;
				CLANG_ANALYZER_NONNULL = YES;
				CLANG_ANALYZER_NUMBER_OBJECT_CONVERSION = YES_AGGRESSIVE;
				CLANG_CXX_LANGUAGE_STANDARD = "gnu++14";
				CLANG_CXX_LIBRARY = "libc++";
				CLANG_ENABLE_MODULES = YES;
				CLANG_ENABLE_OBJC_ARC = YES;
				CLANG_ENABLE_OBJC_WEAK = YES;
				CLANG_WARN_BLOCK_CAPTURE_AUTORELEASING = YES;
				CLANG_WARN_BOOL_CONVERSION = YES;
				CLANG_WARN_COMMA = YES;
				CLANG_WARN_CONSTANT_CONVERSION = YES;
				CLANG_WARN_DEPRECATED_OBJC_IMPLEMENTATIONS = YES;
				CLANG_WARN_DIRECT_OBJC_ISA_USAGE = YES_ERROR;
				CLANG_WARN_DOCUMENTATION_COMMENTS = YES;
				CLANG_WARN_EMPTY_BODY = YES;
				CLANG_WARN_ENUM_CONVERSION = YES;
				CLANG_WARN_INFINITE_RECURSION = YES;
				CLANG_WARN_INT_CONVERSION = YES;
				CLANG_WARN_NON_LITERAL_NULL_CONVERSION = YES;
				CLANG_WARN_OBJC_IMPLICIT_RETAIN_SELF = YES;
				CLANG_WARN_OBJC_LITERAL_CONVERSION = YES;
				CLANG_WARN_OBJC_ROOT_CLASS = YES_ERROR;
				CLANG_WARN_RANGE_LOOP_ANALYSIS = YES;
				CLANG_WARN_STRICT_PROTOTYPES = YES;
				CLANG_WARN_SUSPICIOUS_MOVE = YES;
				CLANG_WARN_UNGUARDED_AVAILABILITY = YES_AGGRESSIVE;
				CLANG_WARN_UNREACHABLE_CODE = YES;
				CLANG_WARN__DUPLICATE_METHOD_MATCH = YES;
				COPY_PHASE_STRIP = NO;
				DEBUG_INFORMATION_FORMAT = "dwarf-with-dsym";
				ENABLE_NS_ASSERTIONS = NO;
				ENABLE_STRICT_OBJC_MSGSEND = YES;
				GCC_C_LANGUAGE_STANDARD = gnu11;
				GCC_NO_COMMON_BLOCKS = YES;
				GCC_WARN_64_TO_32_BIT_CONVERSION = YES;
				GCC_WARN_ABOUT_RETURN_TYPE = YES_ERROR;
				GCC_WARN_UNDECLARED_SELECTOR = YES;
				GCC_WARN_UNINITIALIZED_AUTOS = YES_AGGRESSIVE;
				GCC_WARN_UNUSED_FUNCTION = YES;
				GCC_WARN_UNUSED_VARIABLE = YES;
				IPHONEOS_DEPLOYMENT_TARGET = 13.2;
				MTL_ENABLE_DEBUG_INFO = NO;
				MTL_FAST_MATH = YES;
				ONLY_ACTIVE_ARCH = YES;
				SDKROOT = iphoneos;
				SWIFT_COMPILATION_MODE = wholemodule;
				SWIFT_OPTIMIZATION_LEVEL = "-O";
				VALIDATE_PRODUCT = YES;
			};
			name = Release;
		};
		D261405A23D690C70036161E /* Debug */ = {
			isa = XCBuildConfiguration;
			baseConfigurationReference = 855FCAFF46FDAF176BDD333F /* Pods-ToDoCalendar.debug.xcconfig */;
			buildSettings = {
				ASSETCATALOG_COMPILER_APPICON_NAME = AppIcon;
				CODE_SIGN_IDENTITY = "Apple Development";
				CODE_SIGN_STYLE = Automatic;
				CURRENT_PROJECT_VERSION = 1.1.0;
				DEVELOPMENT_TEAM = Y5TNUF5F8X;
				INFOPLIST_FILE = ToDoCalendar/Info.plist;
				IPHONEOS_DEPLOYMENT_TARGET = 11.0;
				LD_RUNPATH_SEARCH_PATHS = (
					"$(inherited)",
					"@executable_path/Frameworks",
				);
				MARKETING_VERSION = 1.1.0;
				ONLY_ACTIVE_ARCH = YES;
				PRODUCT_BUNDLE_IDENTIFIER = ishii.ToDoCalendar;
				PRODUCT_NAME = "$(TARGET_NAME)";
				PROVISIONING_PROFILE_SPECIFIER = "";
				SWIFT_VERSION = 5.0;
				TARGETED_DEVICE_FAMILY = 1;
			};
			name = Debug;
		};
		D261405B23D690C70036161E /* Release */ = {
			isa = XCBuildConfiguration;
			baseConfigurationReference = 3C4BD0485BB93626DA8ECDA1 /* Pods-ToDoCalendar.release.xcconfig */;
			buildSettings = {
				ASSETCATALOG_COMPILER_APPICON_NAME = AppIcon;
				CODE_SIGN_IDENTITY = "Apple Development";
				CODE_SIGN_STYLE = Automatic;
				CURRENT_PROJECT_VERSION = 1.1.0;
				DEVELOPMENT_TEAM = Y5TNUF5F8X;
				INFOPLIST_FILE = ToDoCalendar/Info.plist;
				IPHONEOS_DEPLOYMENT_TARGET = 11.0;
				LD_RUNPATH_SEARCH_PATHS = (
					"$(inherited)",
					"@executable_path/Frameworks",
				);
				MARKETING_VERSION = 1.1.0;
				ONLY_ACTIVE_ARCH = YES;
				PRODUCT_BUNDLE_IDENTIFIER = ishii.ToDoCalendar;
				PRODUCT_NAME = "$(TARGET_NAME)";
				PROVISIONING_PROFILE_SPECIFIER = "";
				SWIFT_VERSION = 5.0;
				TARGETED_DEVICE_FAMILY = 1;
			};
			name = Release;
		};
/* End XCBuildConfiguration section */

/* Begin XCConfigurationList section */
		D261404023D690C10036161E /* Build configuration list for PBXProject "ToDoCalendar" */ = {
			isa = XCConfigurationList;
			buildConfigurations = (
				D261405723D690C70036161E /* Debug */,
				D261405823D690C70036161E /* Release */,
			);
			defaultConfigurationIsVisible = 0;
			defaultConfigurationName = Release;
		};
		D261405923D690C70036161E /* Build configuration list for PBXNativeTarget "ToDoCalendar" */ = {
			isa = XCConfigurationList;
			buildConfigurations = (
				D261405A23D690C70036161E /* Debug */,
				D261405B23D690C70036161E /* Release */,
			);
			defaultConfigurationIsVisible = 0;
			defaultConfigurationName = Release;
		};
/* End XCConfigurationList section */
	};
	rootObject = D261403D23D690C10036161E /* Project object */;
}
